
Microsoft Visual Studio Solution File, Format Version 12.00
# Visual Studio Version 17
VisualStudioVersion = 17.11.35327.3
MinimumVisualStudioVersion = 10.0.40219.1
Project("{FAE04EC0-301F-11D3-BF4B-00C04F79EFBC}") = "Battleship", "Battleship\Battleship.csproj", "{450083AB-4CBB-4727-955D-ECAEB7354EC1}"
EndProject
Global
	GlobalSection(SolutionConfigurationPlatforms) = preSolution
		Debug|Any CPU = Debug|Any CPU
		Release|Any CPU = Release|Any CPU
	EndGlobalSection
	GlobalSection(ProjectConfigurationPlatforms) = postSolution
		{450083AB-4CBB-4727-955D-ECAEB7354EC1}.Debug|Any CPU.ActiveCfg = Debug|Any CPU
		{450083AB-4CBB-4727-955D-ECAEB7354EC1}.Debug|Any CPU.Build.0 = Debug|Any CPU
		{450083AB-4CBB-4727-955D-ECAEB7354EC1}.Release|Any CPU.ActiveCfg = Release|Any CPU
		{450083AB-4CBB-4727-955D-ECAEB7354EC1}.Release|Any CPU.Build.0 = Release|Any CPU
	EndGlobalSection
	GlobalSection(SolutionProperties) = preSolution
		HideSolutionNode = FALSE
	EndGlobalSection
	GlobalSection(ExtensibilityGlobals) = postSolution
		SolutionGuid = {DE21A2F3-1D6D-4C2E-8EAF-08F280F803DB}
	EndGlobalSection
EndGlobal
